
Microsoft Visual Studio Solution File, Format Version 12.00
# Visual Studio 2013
VisualStudioVersion = 12.0.30324.0
MinimumVisualStudioVersion = 10.0.40219.1
Project("{FAE04EC0-301F-11D3-BF4B-00C04F79EFBC}") = "PoeItemInfo.Model", "PoeItemInfo.Model\PoeItemInfo.Model.csproj", "{5A1CEB0F-5122-4414-9359-3C3064E3194C}"
EndProject
Project("{FAE04EC0-301F-11D3-BF4B-00C04F79EFBC}") = "PoeItemInfo.ModelTest", "PoeItemInfo.ModelTest\PoeItemInfo.ModelTest.csproj", "{C961985C-BA85-4B19-B6C9-335282179B52}"
EndProject
Project("{FAE04EC0-301F-11D3-BF4B-00C04F79EFBC}") = "PoeItemInfo.Data.Model", "PoeItemInfo.Data.Model\PoeItemInfo.Data.Model.csproj", "{E2EDC17F-52FC-4963-BEEF-B48B230D7C33}"
EndProject
Project("{FAE04EC0-301F-11D3-BF4B-00C04F79EFBC}") = "PoeItemInfo.Data.ModelTest", "PoeItemInfo.Data.ModelTest\PoeItemInfo.Data.ModelTest.csproj", "{D42B0842-D327-40E8-BF7A-41CA587FAD88}"
EndProject
Project("{FAE04EC0-301F-11D3-BF4B-00C04F79EFBC}") = "TestCommon", "TestCommon\TestCommon.csproj", "{2BB89D9E-543E-443A-8957-61A6FEE36BD5}"
EndProject
Project("{FAE04EC0-301F-11D3-BF4B-00C04F79EFBC}") = "Website", "Website\Website.csproj", "{82143CD0-175E-4AED-91D8-3463D92A8B7F}"
EndProject
Project("{FAE04EC0-301F-11D3-BF4B-00C04F79EFBC}") = "PoeItemInfo.Transport", "PoeItemInfo.Transport\PoeItemInfo.Transport.csproj", "{3835614E-D670-4217-88CE-3B9C1AF92593}"
EndProject
Project("{FAE04EC0-301F-11D3-BF4B-00C04F79EFBC}") = "PoeItemInfo.Website", "PoeItemInfo.Website\PoeItemInfo.Website.csproj", "{A7A43598-9272-4FA5-85CA-C4DA3AD8903A}"
EndProject
Global
	GlobalSection(SolutionConfigurationPlatforms) = preSolution
		Debug|Any CPU = Debug|Any CPU
		Release|Any CPU = Release|Any CPU
	EndGlobalSection
	GlobalSection(ProjectConfigurationPlatforms) = postSolution
		{5A1CEB0F-5122-4414-9359-3C3064E3194C}.Debug|Any CPU.ActiveCfg = Debug|Any CPU
		{5A1CEB0F-5122-4414-9359-3C3064E3194C}.Debug|Any CPU.Build.0 = Debug|Any CPU
		{5A1CEB0F-5122-4414-9359-3C3064E3194C}.Release|Any CPU.ActiveCfg = Release|Any CPU
		{5A1CEB0F-5122-4414-9359-3C3064E3194C}.Release|Any CPU.Build.0 = Release|Any CPU
		{C961985C-BA85-4B19-B6C9-335282179B52}.Debug|Any CPU.ActiveCfg = Debug|Any CPU
		{C961985C-BA85-4B19-B6C9-335282179B52}.Debug|Any CPU.Build.0 = Debug|Any CPU
		{C961985C-BA85-4B19-B6C9-335282179B52}.Release|Any CPU.ActiveCfg = Release|Any CPU
		{C961985C-BA85-4B19-B6C9-335282179B52}.Release|Any CPU.Build.0 = Release|Any CPU
		{E2EDC17F-52FC-4963-BEEF-B48B230D7C33}.Debug|Any CPU.ActiveCfg = Debug|Any CPU
		{E2EDC17F-52FC-4963-BEEF-B48B230D7C33}.Debug|Any CPU.Build.0 = Debug|Any CPU
		{E2EDC17F-52FC-4963-BEEF-B48B230D7C33}.Release|Any CPU.ActiveCfg = Release|Any CPU
		{E2EDC17F-52FC-4963-BEEF-B48B230D7C33}.Release|Any CPU.Build.0 = Release|Any CPU
		{D42B0842-D327-40E8-BF7A-41CA587FAD88}.Debug|Any CPU.ActiveCfg = Debug|Any CPU
		{D42B0842-D327-40E8-BF7A-41CA587FAD88}.Debug|Any CPU.Build.0 = Debug|Any CPU
		{D42B0842-D327-40E8-BF7A-41CA587FAD88}.Release|Any CPU.ActiveCfg = Release|Any CPU
		{D42B0842-D327-40E8-BF7A-41CA587FAD88}.Release|Any CPU.Build.0 = Release|Any CPU
		{2BB89D9E-543E-443A-8957-61A6FEE36BD5}.Debug|Any CPU.ActiveCfg = Debug|Any CPU
		{2BB89D9E-543E-443A-8957-61A6FEE36BD5}.Debug|Any CPU.Build.0 = Debug|Any CPU
		{2BB89D9E-543E-443A-8957-61A6FEE36BD5}.Release|Any CPU.ActiveCfg = Release|Any CPU
		{2BB89D9E-543E-443A-8957-61A6FEE36BD5}.Release|Any CPU.Build.0 = Release|Any CPU
		{82143CD0-175E-4AED-91D8-3463D92A8B7F}.Debug|Any CPU.ActiveCfg = Debug|Any CPU
		{82143CD0-175E-4AED-91D8-3463D92A8B7F}.Debug|Any CPU.Build.0 = Debug|Any CPU
		{82143CD0-175E-4AED-91D8-3463D92A8B7F}.Release|Any CPU.ActiveCfg = Release|Any CPU
		{82143CD0-175E-4AED-91D8-3463D92A8B7F}.Release|Any CPU.Build.0 = Release|Any CPU
		{3835614E-D670-4217-88CE-3B9C1AF92593}.Debug|Any CPU.ActiveCfg = Debug|Any CPU
		{3835614E-D670-4217-88CE-3B9C1AF92593}.Debug|Any CPU.Build.0 = Debug|Any CPU
		{3835614E-D670-4217-88CE-3B9C1AF92593}.Release|Any CPU.ActiveCfg = Release|Any CPU
		{3835614E-D670-4217-88CE-3B9C1AF92593}.Release|Any CPU.Build.0 = Release|Any CPU
		{A7A43598-9272-4FA5-85CA-C4DA3AD8903A}.Debug|Any CPU.ActiveCfg = Debug|Any CPU
		{A7A43598-9272-4FA5-85CA-C4DA3AD8903A}.Debug|Any CPU.Build.0 = Debug|Any CPU
		{A7A43598-9272-4FA5-85CA-C4DA3AD8903A}.Release|Any CPU.ActiveCfg = Release|Any CPU
		{A7A43598-9272-4FA5-85CA-C4DA3AD8903A}.Release|Any CPU.Build.0 = Release|Any CPU
	EndGlobalSection
	GlobalSection(SolutionProperties) = preSolution
		HideSolutionNode = FALSE
	EndGlobalSection
EndGlobal
